{
  "name": "diagrams",
  "lockfileVersion": 3,
  "requires": true,
  "packages": {
    "": {
      "name": "diagrams",
      "dependencies": {
        "beautiful-mermaid": "file:.."
      }
    },
    "..": {
      "name": "@theletterf/beautiful-mermaid",
      "version": "0.1.5",
      "license": "MIT",
      "dependencies": {
        "@dagrejs/dagre": "^1.1.8"
      },
      "devDependencies": {
        "@types/bun": "^1.3.9",
        "shiki": "^3.19.0",
        "tsup": "^8.0.0",
        "typescript": "^5.0.0"
      }
    },
    "../../../beautiful-mermaid": {
      "name": "@theletterf/beautiful-mermaid",
      "version": "0.1.5",
      "extraneous": true,
      "license": "MIT",
      "dependencies": {
        "@dagrejs/dagre": "^1.1.8"
      },
      "devDependencies": {
        "@types/bun": "^1.3.9",
        "shiki": "^3.19.0",
        "tsup": "^8.0.0",
        "typescript": "^5.0.0"
      }
    },
    "node_modules/beautiful-mermaid": {
      "resolved": "..",
      "link": true
    }
  }
}
